// !$*UTF8*$!
{
	archiveVersion = 1;
	classes = {
	};
	objectVersion = 55;
	objects = {

/* Begin PBXBuildFile section */
		3A2C295527843CF400DB05A9 /* PersistentStorage..swift in Sources */ = {isa = PBXBuildFile; fileRef = 3A2C295427843CF400DB05A9 /* PersistentStorage..swift */; };
		3A2C295727844C5700DB05A9 /* Products.swift in Sources */ = {isa = PBXBuildFile; fileRef = 3A2C295627844C5700DB05A9 /* Products.swift */; };
		3A7DEF6D276565B5005556F5 /* Customer.swift in Sources */ = {isa = PBXBuildFile; fileRef = 3A7DEF6C276565B5005556F5 /* Customer.swift */; };
		3A7E97B32767280700878940 /* Service.swift in Sources */ = {isa = PBXBuildFile; fileRef = 3A7E97B22767280700878940 /* Service.swift */; };
		3A838BC62762149E005266C1 /* Product.swift in Sources */ = {isa = PBXBuildFile; fileRef = 3A838BC52762149E005266C1 /* Product.swift */; };
		3A838BC927621A99005266C1 /* SectionCollectionViewCell.swift in Sources */ = {isa = PBXBuildFile; fileRef = 3A838BC827621A99005266C1 /* SectionCollectionViewCell.swift */; };
		3A838BCB27621C86005266C1 /* SectionViewController.swift in Sources */ = {isa = PBXBuildFile; fileRef = 3A838BCA27621C86005266C1 /* SectionViewController.swift */; };
		3A84F0192781C67C00E2F2EA /* ModelCoreData.xcdatamodeld in Sources */ = {isa = PBXBuildFile; fileRef = 3A84F0172781C67C00E2F2EA /* ModelCoreData.xcdatamodeld */; };
		3A8B167827632346009AE92C /* LocationViewController.swift in Sources */ = {isa = PBXBuildFile; fileRef = 3A8B167727632346009AE92C /* LocationViewController.swift */; };
		3A8C8C772761E06C0092C5B1 /*  OrdersVc.swift in Sources */ = {isa = PBXBuildFile; fileRef = 3A8C8C762761E06C0092C5B1 /*  OrdersVc.swift */; };
		3A8C8C792761E7E60092C5B1 /* Section.swift in Sources */ = {isa = PBXBuildFile; fileRef = 3A8C8C782761E7E60092C5B1 /* Section.swift */; };
		3A95D5EA2786E7380024ED37 /* Products+CoreDataClass.swift in Sources */ = {isa = PBXBuildFile; fileRef = 3A95D5E82786E7380024ED37 /* Products+CoreDataClass.swift */; };
		3A95D5EB2786E7380024ED37 /* Products+CoreDataProperties.swift in Sources */ = {isa = PBXBuildFile; fileRef = 3A95D5E92786E7380024ED37 /* Products+CoreDataProperties.swift */; };
		3A95D5ED2786E81B0024ED37 /* OrdersTableViewController.swift in Sources */ = {isa = PBXBuildFile; fileRef = 3A95D5EC2786E81B0024ED37 /* OrdersTableViewController.swift */; };
		3A98A8192765CFCF0027D1E6 /* GoogleService-Info.plist in Resources */ = {isa = PBXBuildFile; fileRef = 3A98A8182765CFCF0027D1E6 /* GoogleService-Info.plist */; };
		3A98A81C2765D1A00027D1E6 /* FirebaseAnalytics in Frameworks */ = {isa = PBXBuildFile; productRef = 3A98A81B2765D1A00027D1E6 /* FirebaseAnalytics */; };
		3A98A81E2765D1A00027D1E6 /* FirebaseAuth in Frameworks */ = {isa = PBXBuildFile; productRef = 3A98A81D2765D1A00027D1E6 /* FirebaseAuth */; };
		3A98A8202765D1A00027D1E6 /* FirebaseFirestore in Frameworks */ = {isa = PBXBuildFile; productRef = 3A98A81F2765D1A00027D1E6 /* FirebaseFirestore */; };
		3A98A8232765D60C0027D1E6 /* SingUpVC .swift in Sources */ = {isa = PBXBuildFile; fileRef = 3A98A8222765D60C0027D1E6 /* SingUpVC .swift */; };
		3A98A8252765D6BA0027D1E6 /* SigninVC.swift in Sources */ = {isa = PBXBuildFile; fileRef = 3A98A8242765D6BA0027D1E6 /* SigninVC.swift */; };
		3A98A8272765D87F0027D1E6 /* User.swift in Sources */ = {isa = PBXBuildFile; fileRef = 3A98A8262765D87F0027D1E6 /* User.swift */; };
		3A98A8292765F3460027D1E6 /* UserApi.swift in Sources */ = {isa = PBXBuildFile; fileRef = 3A98A8282765F3460027D1E6 /* UserApi.swift */; };
		3A9B37C02760C9A200DFAE4B /* AppDelegate.swift in Sources */ = {isa = PBXBuildFile; fileRef = 3A9B37BF2760C9A200DFAE4B /* AppDelegate.swift */; };
		3A9B37C22760C9A200DFAE4B /* SceneDelegate.swift in Sources */ = {isa = PBXBuildFile; fileRef = 3A9B37C12760C9A200DFAE4B /* SceneDelegate.swift */; };
		3A9B37C42760C9A200DFAE4B /* ViewController.swift in Sources */ = {isa = PBXBuildFile; fileRef = 3A9B37C32760C9A200DFAE4B /* ViewController.swift */; };
		3A9B37C72760C9A200DFAE4B /* Main.storyboard in Resources */ = {isa = PBXBuildFile; fileRef = 3A9B37C52760C9A200DFAE4B /* Main.storyboard */; };
		3A9B37C92760C9A300DFAE4B /* Assets.xcassets in Resources */ = {isa = PBXBuildFile; fileRef = 3A9B37C82760C9A300DFAE4B /* Assets.xcassets */; };
		3A9B37CC2760C9A300DFAE4B /* LaunchScreen.storyboard in Resources */ = {isa = PBXBuildFile; fileRef = 3A9B37CA2760C9A300DFAE4B /* LaunchScreen.storyboard */; };
		3A9B3DFA278D8FE900C50DF9 /* profileViewController.swift in Sources */ = {isa = PBXBuildFile; fileRef = 3A9B3DF9278D8FE900C50DF9 /* profileViewController.swift */; };
		3AA047B3277C4E900079549F /* shoppingTVC...swift in Sources */ = {isa = PBXBuildFile; fileRef = 3AA047B2277C4E900079549F /* shoppingTVC...swift */; };
		3AFB9244276A132D00A00085 /* ProductTableViewController.swift in Sources */ = {isa = PBXBuildFile; fileRef = 3AFB9243276A132D00A00085 /* ProductTableViewController.swift */; };
/* End PBXBuildFile section */

/* Begin PBXFileReference section */
		3A2C295427843CF400DB05A9 /* PersistentStorage..swift */ = {isa = PBXFileReference; lastKnownFileType = sourcecode.swift; name = PersistentStorage..swift; path = Coffee/PersistentStorage..swift; sourceTree = SOURCE_ROOT; };
		3A2C295627844C5700DB05A9 /* Products.swift */ = {isa = PBXFileReference; lastKnownFileType = sourcecode.swift; path = Products.swift; sourceTree = "<group>"; };
		3A7DEF6C276565B5005556F5 /* Customer.swift */ = {isa = PBXFileReference; lastKnownFileType = sourcecode.swift; path = Customer.swift; sourceTree = "<group>"; };
		3A7E97B22767280700878940 /* Service.swift */ = {isa = PBXFileReference; lastKnownFileType = sourcecode.swift; path = Service.swift; sourceTree = "<group>"; };
		3A838BC52762149E005266C1 /* Product.swift */ = {isa = PBXFileReference; lastKnownFileType = sourcecode.swift; path = Product.swift; sourceTree = "<group>"; };
		3A838BC827621A99005266C1 /* SectionCollectionViewCell.swift */ = {isa = PBXFileReference; lastKnownFileType = sourcecode.swift; path = SectionCollectionViewCell.swift; sourceTree = "<group>"; };
		3A838BCA27621C86005266C1 /* SectionViewController.swift */ = {isa = PBXFileReference; lastKnownFileType = sourcecode.swift; path = SectionViewController.swift; sourceTree = "<group>"; };
		3A84F0182781C67C00E2F2EA /* Model.xcdatamodel */ = {isa = PBXFileReference; lastKnownFileType = wrapper.xcdatamodel; path = Model.xcdatamodel; sourceTree = "<group>"; };
		3A8B167727632346009AE92C /* LocationViewController.swift */ = {isa = PBXFileReference; lastKnownFileType = sourcecode.swift; path = LocationViewController.swift; sourceTree = "<group>"; };
		3A8C8C762761E06C0092C5B1 /*  OrdersVc.swift */ = {isa = PBXFileReference; lastKnownFileType = sourcecode.swift; path = " OrdersVc.swift"; sourceTree = "<group>"; };
		3A8C8C782761E7E60092C5B1 /* Section.swift */ = {isa = PBXFileReference; lastKnownFileType = sourcecode.swift; path = Section.swift; sourceTree = "<group>"; };
		3A95D5E82786E7380024ED37 /* Products+CoreDataClass.swift */ = {isa = PBXFileReference; lastKnownFileType = sourcecode.swift; path = "Products+CoreDataClass.swift"; sourceTree = "<group>"; };
		3A95D5E92786E7380024ED37 /* Products+CoreDataProperties.swift */ = {isa = PBXFileReference; lastKnownFileType = sourcecode.swift; path = "Products+CoreDataProperties.swift"; sourceTree = "<group>"; };
		3A95D5EC2786E81B0024ED37 /* OrdersTableViewController.swift */ = {isa = PBXFileReference; lastKnownFileType = sourcecode.swift; path = OrdersTableViewController.swift; sourceTree = "<group>"; };
		3A98A8182765CFCF0027D1E6 /* GoogleService-Info.plist */ = {isa = PBXFileReference; fileEncoding = 4; lastKnownFileType = text.plist.xml; path = "GoogleService-Info.plist"; sourceTree = "<group>"; };
		3A98A8222765D60C0027D1E6 /* SingUpVC .swift */ = {isa = PBXFileReference; lastKnownFileType = sourcecode.swift; path = "SingUpVC .swift"; sourceTree = "<group>"; };
		3A98A8242765D6BA0027D1E6 /* SigninVC.swift */ = {isa = PBXFileReference; lastKnownFileType = sourcecode.swift; path = SigninVC.swift; sourceTree = "<group>"; };
		3A98A8262765D87F0027D1E6 /* User.swift */ = {isa = PBXFileReference; lastKnownFileType = sourcecode.swift; path = User.swift; sourceTree = "<group>"; };
		3A98A8282765F3460027D1E6 /* UserApi.swift */ = {isa = PBXFileReference; lastKnownFileType = sourcecode.swift; path = UserApi.swift; sourceTree = "<group>"; };
		3A9B37BC2760C9A200DFAE4B /* Coffee.app */ = {isa = PBXFileReference; explicitFileType = wrapper.application; includeInIndex = 0; path = Coffee.app; sourceTree = BUILT_PRODUCTS_DIR; };
		3A9B37BF2760C9A200DFAE4B /* AppDelegate.swift */ = {isa = PBXFileReference; lastKnownFileType = sourcecode.swift; path = AppDelegate.swift; sourceTree = "<group>"; };
		3A9B37C12760C9A200DFAE4B /* SceneDelegate.swift */ = {isa = PBXFileReference; lastKnownFileType = sourcecode.swift; path = SceneDelegate.swift; sourceTree = "<group>"; };
		3A9B37C32760C9A200DFAE4B /* ViewController.swift */ = {isa = PBXFileReference; lastKnownFileType = sourcecode.swift; path = ViewController.swift; sourceTree = "<group>"; };
		3A9B37C62760C9A200DFAE4B /* Base */ = {isa = PBXFileReference; lastKnownFileType = file.storyboard; name = Base; path = Base.lproj/Main.storyboard; sourceTree = "<group>"; };
		3A9B37C82760C9A300DFAE4B /* Assets.xcassets */ = {isa = PBXFileReference; lastKnownFileType = folder.assetcatalog; path = Assets.xcassets; sourceTree = "<group>"; };
		3A9B37CB2760C9A300DFAE4B /* Base */ = {isa = PBXFileReference; lastKnownFileType = file.storyboard; name = Base; path = Base.lproj/LaunchScreen.storyboard; sourceTree = "<group>"; };
		3A9B37CD2760C9A300DFAE4B /* Info.plist */ = {isa = PBXFileReference; lastKnownFileType = text.plist.xml; path = Info.plist; sourceTree = "<group>"; };
		3A9B3DF9278D8FE900C50DF9 /* profileViewController.swift */ = {isa = PBXFileReference; lastKnownFileType = sourcecode.swift; path = profileViewController.swift; sourceTree = "<group>"; };
		3AA047B2277C4E900079549F /* shoppingTVC...swift */ = {isa = PBXFileReference; lastKnownFileType = sourcecode.swift; path = shoppingTVC...swift; sourceTree = "<group>"; };
		3AFB9243276A132D00A00085 /* ProductTableViewController.swift */ = {isa = PBXFileReference; lastKnownFileType = sourcecode.swift; path = ProductTableViewController.swift; sourceTree = "<group>"; };
/* End PBXFileReference section */

/* Begin PBXFrameworksBuildPhase section */
		3A9B37B92760C9A200DFAE4B /* Frameworks */ = {
			isa = PBXFrameworksBuildPhase;
			buildActionMask = 2147483647;
			files = (
				3A98A81C2765D1A00027D1E6 /* FirebaseAnalytics in Frameworks */,
				3A98A81E2765D1A00027D1E6 /* FirebaseAuth in Frameworks */,
				3A98A8202765D1A00027D1E6 /* FirebaseFirestore in Frameworks */,
			);
			runOnlyForDeploymentPostprocessing = 0;
		};
/* End PBXFrameworksBuildPhase section */

/* Begin PBXGroup section */
		3A7E97B1276727A500878940 /* Model. */ = {
			isa = PBXGroup;
			children = (
				3A7E97B22767280700878940 /* Service.swift */,
				3A7DEF6C276565B5005556F5 /* Customer.swift */,
				3A2C295627844C5700DB05A9 /* Products.swift */,
			);
			path = Model.;
			sourceTree = "<group>";
		};
		3A838BC7276217C3005266C1 /* ModelProduct */ = {
			isa = PBXGroup;
			children = (
				3A838BC52762149E005266C1 /* Product.swift */,
				3A8C8C782761E7E60092C5B1 /* Section.swift */,
				3A959B20278C262800863D29 /* Cell */,
			);
			path = ModelProduct;
			sourceTree = "<group>";
		};
		3A8B167627632322009AE92C /* Location */ = {
			isa = PBXGroup;
			children = (
				3A8B167727632346009AE92C /* LocationViewController.swift */,
			);
			path = Location;
			sourceTree = "<group>";
		};
		3A8F4447276D18CD00D5E458 /* Model */ = {
			isa = PBXGroup;
			children = (
				3A98A8242765D6BA0027D1E6 /* SigninVC.swift */,
				3A98A8222765D60C0027D1E6 /* SingUpVC .swift */,
				3A98A8262765D87F0027D1E6 /* User.swift */,
				3A98A8282765F3460027D1E6 /* UserApi.swift */,
			);
			path = Model;
			sourceTree = "<group>";
		};
		3A90A9C02783371C000FD6AE /* ManagedObjectModels */ = {
			isa = PBXGroup;
			children = (
				3A84F0172781C67C00E2F2EA /* ModelCoreData.xcdatamodeld */,
				3A2C295427843CF400DB05A9 /* PersistentStorage..swift */,
				3A8F4447276D18CD00D5E458 /* Model */,
			);
			path = ManagedObjectModels;
			sourceTree = "<group>";
		};
		3A959B20278C262800863D29 /* Cell */ = {
			isa = PBXGroup;
			children = (
				3A838BC827621A99005266C1 /* SectionCollectionViewCell.swift */,
				3AA047B2277C4E900079549F /* shoppingTVC...swift */,
				3A959B21278C2CB800863D29 /* Home */,
			);
			path = Cell;
			sourceTree = "<group>";
		};
		3A959B21278C2CB800863D29 /* Home */ = {
			isa = PBXGroup;
			children = (
				3A838BCA27621C86005266C1 /* SectionViewController.swift */,
				3AFB9243276A132D00A00085 /* ProductTableViewController.swift */,
			);
			path = Home;
			sourceTree = "<group>";
		};
		3A9B37B32760C9A200DFAE4B = {
			isa = PBXGroup;
			children = (
				3A95D5E82786E7380024ED37 /* Products+CoreDataClass.swift */,
				3A95D5E92786E7380024ED37 /* Products+CoreDataProperties.swift */,
				3A9B37BE2760C9A200DFAE4B /* Coffee */,
				3A9B37BD2760C9A200DFAE4B /* Products */,
			);
			sourceTree = "<group>";
		};
		3A9B37BD2760C9A200DFAE4B /* Products */ = {
			isa = PBXGroup;
			children = (
				3A9B37BC2760C9A200DFAE4B /* Coffee.app */,
			);
			name = Products;
			sourceTree = "<group>";
		};
		3A9B37BE2760C9A200DFAE4B /* Coffee */ = {
			isa = PBXGroup;
			children = (
				3A90A9C02783371C000FD6AE /* ManagedObjectModels */,
				3A7E97B1276727A500878940 /* Model. */,
				3A98A8182765CFCF0027D1E6 /* GoogleService-Info.plist */,
				3A9B37BF2760C9A200DFAE4B /* AppDelegate.swift */,
				3A9B37C12760C9A200DFAE4B /* SceneDelegate.swift */,
				3A9B37C32760C9A200DFAE4B /* ViewController.swift */,
				3A9B37C52760C9A200DFAE4B /* Main.storyboard */,
				3A9B37C82760C9A300DFAE4B /* Assets.xcassets */,
				3A9B37CA2760C9A300DFAE4B /* LaunchScreen.storyboard */,
				3A9B37CD2760C9A300DFAE4B /* Info.plist */,
				3A838BC7276217C3005266C1 /* ModelProduct */,
				3A95D5EC2786E81B0024ED37 /* OrdersTableViewController.swift */,
				3A8C8C762761E06C0092C5B1 /*  OrdersVc.swift */,
				3A8B167627632322009AE92C /* Location */,
				3A9B3DF9278D8FE900C50DF9 /* profileViewController.swift */,
			);
			path = Coffee;
			sourceTree = "<group>";
		};
/* End PBXGroup section */

/* Begin PBXNativeTarget section */
		3A9B37BB2760C9A200DFAE4B /* Coffee */ = {
			isa = PBXNativeTarget;
			buildConfigurationList = 3A9B37D02760C9A300DFAE4B /* Build configuration list for PBXNativeTarget "Coffee" */;
			buildPhases = (
				3A9B37B82760C9A200DFAE4B /* Sources */,
				3A9B37B92760C9A200DFAE4B /* Frameworks */,
				3A9B37BA2760C9A200DFAE4B /* Resources */,
			);
			buildRules = (
			);
			dependencies = (
			);
			name = Coffee;
			packageProductDependencies = (
				3A98A81B2765D1A00027D1E6 /* FirebaseAnalytics */,
				3A98A81D2765D1A00027D1E6 /* FirebaseAuth */,
				3A98A81F2765D1A00027D1E6 /* FirebaseFirestore */,
			);
			productName = Coffee;
			productReference = 3A9B37BC2760C9A200DFAE4B /* Coffee.app */;
			productType = "com.apple.product-type.application";
		};
/* End PBXNativeTarget section */

/* Begin PBXProject section */
		3A9B37B42760C9A200DFAE4B /* Project object */ = {
			isa = PBXProject;
			attributes = {
				BuildIndependentTargetsInParallel = 1;
				LastSwiftUpdateCheck = 1300;
				LastUpgradeCheck = 1300;
				TargetAttributes = {
					3A9B37BB2760C9A200DFAE4B = {
						CreatedOnToolsVersion = 13.0;
					};
				};
			};
			buildConfigurationList = 3A9B37B72760C9A200DFAE4B /* Build configuration list for PBXProject "Coffee" */;
			compatibilityVersion = "Xcode 13.0";
			developmentRegion = en;
			hasScannedForEncodings = 0;
			knownRegions = (
				en,
				Base,
			);
			mainGroup = 3A9B37B32760C9A200DFAE4B;
			packageReferences = (
				3A98A81A2765D1A00027D1E6 /* XCRemoteSwiftPackageReference "firebase-ios-sdk" */,
			);
			productRefGroup = 3A9B37BD2760C9A200DFAE4B /* Products */;
			projectDirPath = "";
			projectRoot = "";
			targets = (
				3A9B37BB2760C9A200DFAE4B /* Coffee */,
			);
		};
/* End PBXProject section */

/* Begin PBXResourcesBuildPhase section */
		3A9B37BA2760C9A200DFAE4B /* Resources */ = {
			isa = PBXResourcesBuildPhase;
			buildActionMask = 2147483647;
			files = (
				3A9B37CC2760C9A300DFAE4B /* LaunchScreen.storyboard in Resources */,
				3A98A8192765CFCF0027D1E6 /* GoogleService-Info.plist in Resources */,
				3A9B37C92760C9A300DFAE4B /* Assets.xcassets in Resources */,
				3A9B37C72760C9A200DFAE4B /* Main.storyboard in Resources */,
			);
			runOnlyForDeploymentPostprocessing = 0;
		};
/* End PBXResourcesBuildPhase section */

/* Begin PBXSourcesBuildPhase section */
		3A9B37B82760C9A200DFAE4B /* Sources */ = {
			isa = PBXSourcesBuildPhase;
			buildActionMask = 2147483647;
			files = (
				3A838BCB27621C86005266C1 /* SectionViewController.swift in Sources */,
				3A84F0192781C67C00E2F2EA /* ModelCoreData.xcdatamodeld in Sources */,
				3A98A8292765F3460027D1E6 /* UserApi.swift in Sources */,
				3AA047B3277C4E900079549F /* shoppingTVC...swift in Sources */,
				3A838BC62762149E005266C1 /* Product.swift in Sources */,
				3A8C8C772761E06C0092C5B1 /*  OrdersVc.swift in Sources */,
				3A2C295727844C5700DB05A9 /* Products.swift in Sources */,
				3A95D5EA2786E7380024ED37 /* Products+CoreDataClass.swift in Sources */,
				3A7E97B32767280700878940 /* Service.swift in Sources */,
				3A9B37C42760C9A200DFAE4B /* ViewController.swift in Sources */,
				3A8B167827632346009AE92C /* LocationViewController.swift in Sources */,
				3A9B37C02760C9A200DFAE4B /* AppDelegate.swift in Sources */,
				3AFB9244276A132D00A00085 /* ProductTableViewController.swift in Sources */,
				3A9B37C22760C9A200DFAE4B /* SceneDelegate.swift in Sources */,
				3A9B3DFA278D8FE900C50DF9 /* profileViewController.swift in Sources */,
				3A95D5EB2786E7380024ED37 /* Products+CoreDataProperties.swift in Sources */,
				3A98A8272765D87F0027D1E6 /* User.swift in Sources */,
				3A7DEF6D276565B5005556F5 /* Customer.swift in Sources */,
				3A838BC927621A99005266C1 /* SectionCollectionViewCell.swift in Sources */,
				3A98A8232765D60C0027D1E6 /* SingUpVC .swift in Sources */,
				3A8C8C792761E7E60092C5B1 /* Section.swift in Sources */,
				3A95D5ED2786E81B0024ED37 /* OrdersTableViewController.swift in Sources */,
				3A2C295527843CF400DB05A9 /* PersistentStorage..swift in Sources */,
				3A98A8252765D6BA0027D1E6 /* SigninVC.swift in Sources */,
			);
			runOnlyForDeploymentPostprocessing = 0;
		};
/* End PBXSourcesBuildPhase section */

/* Begin PBXVariantGroup section */
		3A9B37C52760C9A200DFAE4B /* Main.storyboard */ = {
			isa = PBXVariantGroup;
			children = (
				3A9B37C62760C9A200DFAE4B /* Base */,
			);
			name = Main.storyboard;
			sourceTree = "<group>";
		};
		3A9B37CA2760C9A300DFAE4B /* LaunchScreen.storyboard */ = {
			isa = PBXVariantGroup;
			children = (
				3A9B37CB2760C9A300DFAE4B /* Base */,
			);
			name = LaunchScreen.storyboard;
			sourceTree = "<group>";
		};
/* End PBXVariantGroup section */

/* Begin XCBuildConfiguration section */
		3A9B37CE2760C9A300DFAE4B /* Debug */ = {
			isa = XCBuildConfiguration;
			buildSettings = {
				ALWAYS_SEARCH_USER_PATHS = NO;
				CLANG_ANALYZER_NONNULL = YES;
				CLANG_ANALYZER_NUMBER_OBJECT_CONVERSION = YES_AGGRESSIVE;
				CLANG_CXX_LANGUAGE_STANDARD = "gnu++17";
				CLANG_CXX_LIBRARY = "libc++";
				CLANG_ENABLE_MODULES = YES;
				CLANG_ENABLE_OBJC_ARC = YES;
				CLANG_ENABLE_OBJC_WEAK = YES;
				CLANG_WARN_BLOCK_CAPTURE_AUTORELEASING = YES;
				CLANG_WARN_BOOL_CONVERSION = YES;
				CLANG_WARN_COMMA = YES;
				CLANG_WARN_CONSTANT_CONVERSION = YES;
				CLANG_WARN_DEPRECATED_OBJC_IMPLEMENTATIONS = YES;
				CLANG_WARN_DIRECT_OBJC_ISA_USAGE = YES_ERROR;
				CLANG_WARN_DOCUMENTATION_COMMENTS = YES;
				CLANG_WARN_EMPTY_BODY = YES;
				CLANG_WARN_ENUM_CONVERSION = YES;
				CLANG_WARN_INFINITE_RECURSION = YES;
				CLANG_WARN_INT_CONVERSION = YES;
				CLANG_WARN_NON_LITERAL_NULL_CONVERSION = YES;
				CLANG_WARN_OBJC_IMPLICIT_RETAIN_SELF = YES;
				CLANG_WARN_OBJC_LITERAL_CONVERSION = YES;
				CLANG_WARN_OBJC_ROOT_CLASS = YES_ERROR;
				CLANG_WARN_QUOTED_INCLUDE_IN_FRAMEWORK_HEADER = YES;
				CLANG_WARN_RANGE_LOOP_ANALYSIS = YES;
				CLANG_WARN_STRICT_PROTOTYPES = YES;
				CLANG_WARN_SUSPICIOUS_MOVE = YES;
				CLANG_WARN_UNGUARDED_AVAILABILITY = YES_AGGRESSIVE;
				CLANG_WARN_UNREACHABLE_CODE = YES;
				CLANG_WARN__DUPLICATE_METHOD_MATCH = YES;
				COPY_PHASE_STRIP = NO;
				DEBUG_INFORMATION_FORMAT = dwarf;
				ENABLE_STRICT_OBJC_MSGSEND = YES;
				ENABLE_TESTABILITY = YES;
				GCC_C_LANGUAGE_STANDARD = gnu11;
				GCC_DYNAMIC_NO_PIC = NO;
				GCC_NO_COMMON_BLOCKS = YES;
				GCC_OPTIMIZATION_LEVEL = 0;
				GCC_PREPROCESSOR_DEFINITIONS = (
					"DEBUG=1",
					"$(inherited)",
				);
				GCC_WARN_64_TO_32_BIT_CONVERSION = YES;
				GCC_WARN_ABOUT_RETURN_TYPE = YES_ERROR;
				GCC_WARN_UNDECLARED_SELECTOR = YES;
				GCC_WARN_UNINITIALIZED_AUTOS = YES_AGGRESSIVE;
				GCC_WARN_UNUSED_FUNCTION = YES;
				GCC_WARN_UNUSED_VARIABLE = YES;
				IPHONEOS_DEPLOYMENT_TARGET = 15.0;
				MTL_ENABLE_DEBUG_INFO = INCLUDE_SOURCE;
				MTL_FAST_MATH = YES;
				ONLY_ACTIVE_ARCH = YES;
				SDKROOT = iphoneos;
				SWIFT_ACTIVE_COMPILATION_CONDITIONS = DEBUG;
				SWIFT_OPTIMIZATION_LEVEL = "-Onone";
			};
			name = Debug;
		};
		3A9B37CF2760C9A300DFAE4B /* Release */ = {
			isa = XCBuildConfiguration;
			buildSettings = {
				ALWAYS_SEARCH_USER_PATHS = NO;
				CLANG_ANALYZER_NONNULL = YES;
				CLANG_ANALYZER_NUMBER_OBJECT_CONVERSION = YES_AGGRESSIVE;
				CLANG_CXX_LANGUAGE_STANDARD = "gnu++17";
				CLANG_CXX_LIBRARY = "libc++";
				CLANG_ENABLE_MODULES = YES;
				CLANG_ENABLE_OBJC_ARC = YES;
				CLANG_ENABLE_OBJC_WEAK = YES;
				CLANG_WARN_BLOCK_CAPTURE_AUTORELEASING = YES;
				CLANG_WARN_BOOL_CONVERSION = YES;
				CLANG_WARN_COMMA = YES;
				CLANG_WARN_CONSTANT_CONVERSION = YES;
				CLANG_WARN_DEPRECATED_OBJC_IMPLEMENTATIONS = YES;
				CLANG_WARN_DIRECT_OBJC_ISA_USAGE = YES_ERROR;
				CLANG_WARN_DOCUMENTATION_COMMENTS = YES;
				CLANG_WARN_EMPTY_BODY = YES;
				CLANG_WARN_ENUM_CONVERSION = YES;
				CLANG_WARN_INFINITE_RECURSION = YES;
				CLANG_WARN_INT_CONVERSION = YES;
				CLANG_WARN_NON_LITERAL_NULL_CONVERSION = YES;
				CLANG_WARN_OBJC_IMPLICIT_RETAIN_SELF = YES;
				CLANG_WARN_OBJC_LITERAL_CONVERSION = YES;
				CLANG_WARN_OBJC_ROOT_CLASS = YES_ERROR;
				CLANG_WARN_QUOTED_INCLUDE_IN_FRAMEWORK_HEADER = YES;
				CLANG_WARN_RANGE_LOOP_ANALYSIS = YES;
				CLANG_WARN_STRICT_PROTOTYPES = YES;
				CLANG_WARN_SUSPICIOUS_MOVE = YES;
				CLANG_WARN_UNGUARDED_AVAILABILITY = YES_AGGRESSIVE;
				CLANG_WARN_UNREACHABLE_CODE = YES;
				CLANG_WARN__DUPLICATE_METHOD_MATCH = YES;
				COPY_PHASE_STRIP = NO;
				DEBUG_INFORMATION_FORMAT = "dwarf-with-dsym";
				ENABLE_NS_ASSERTIONS = NO;
				ENABLE_STRICT_OBJC_MSGSEND = YES;
				GCC_C_LANGUAGE_STANDARD = gnu11;
				GCC_NO_COMMON_BLOCKS = YES;
				GCC_WARN_64_TO_32_BIT_CONVERSION = YES;
				GCC_WARN_ABOUT_RETURN_TYPE = YES_ERROR;
				GCC_WARN_UNDECLARED_SELECTOR = YES;
				GCC_WARN_UNINITIALIZED_AUTOS = YES_AGGRESSIVE;
				GCC_WARN_UNUSED_FUNCTION = YES;
				GCC_WARN_UNUSED_VARIABLE = YES;
				IPHONEOS_DEPLOYMENT_TARGET = 15.0;
				MTL_ENABLE_DEBUG_INFO = NO;
				MTL_FAST_MATH = YES;
				SDKROOT = iphoneos;
				SWIFT_COMPILATION_MODE = wholemodule;
				SWIFT_OPTIMIZATION_LEVEL = "-O";
				VALIDATE_PRODUCT = YES;
			};
			name = Release;
		};
		3A9B37D12760C9A300DFAE4B /* Debug */ = {
			isa = XCBuildConfiguration;
			buildSettings = {
				ASSETCATALOG_COMPILER_APPICON_NAME = AppIcon;
				ASSETCATALOG_COMPILER_GLOBAL_ACCENT_COLOR_NAME = AccentColor;
				CODE_SIGN_STYLE = Automatic;
				CURRENT_PROJECT_VERSION = 1;
				GENERATE_INFOPLIST_FILE = YES;
				INFOPLIST_FILE = Coffee/Info.plist;
				INFOPLIST_KEY_UIApplicationSupportsIndirectInputEvents = YES;
				INFOPLIST_KEY_UILaunchStoryboardName = LaunchScreen;
				INFOPLIST_KEY_UIMainStoryboardFile = Main;
				INFOPLIST_KEY_UISupportedInterfaceOrientations_iPad = "UIInterfaceOrientationPortrait UIInterfaceOrientationPortraitUpsideDown UIInterfaceOrientationLandscapeLeft UIInterfaceOrientationLandscapeRight";
				INFOPLIST_KEY_UISupportedInterfaceOrientations_iPhone = "UIInterfaceOrientationPortrait UIInterfaceOrientationLandscapeLeft UIInterfaceOrientationLandscapeRight";
				LD_RUNPATH_SEARCH_PATHS = (
					"$(inherited)",
					"@executable_path/Frameworks",
				);
				MARKETING_VERSION = 1.0;
				PRODUCT_BUNDLE_IDENTIFIER = com.google.Coffee;
				PRODUCT_NAME = "$(TARGET_NAME)";
				SWIFT_EMIT_LOC_STRINGS = YES;
				SWIFT_VERSION = 5.0;
				TARGETED_DEVICE_FAMILY = "1,2";
			};
			name = Debug;
		};
		3A9B37D22760C9A300DFAE4B /* Release */ = {
			isa = XCBuildConfiguration;
			buildSettings = {
				ASSETCATALOG_COMPILER_APPICON_NAME = AppIcon;
				ASSETCATALOG_COMPILER_GLOBAL_ACCENT_COLOR_NAME = AccentColor;
				CODE_SIGN_STYLE = Automatic;
				CURRENT_PROJECT_VERSION = 1;
				GENERATE_INFOPLIST_FILE = YES;
				INFOPLIST_FILE = Coffee/Info.plist;
				INFOPLIST_KEY_UIApplicationSupportsIndirectInputEvents = YES;
				INFOPLIST_KEY_UILaunchStoryboardName = LaunchScreen;
				INFOPLIST_KEY_UIMainStoryboardFile = Main;
				INFOPLIST_KEY_UISupportedInterfaceOrientations_iPad = "UIInterfaceOrientationPortrait UIInterfaceOrientationPortraitUpsideDown UIInterfaceOrientationLandscapeLeft UIInterfaceOrientationLandscapeRight";
				INFOPLIST_KEY_UISupportedInterfaceOrientations_iPhone = "UIInterfaceOrientationPortrait UIInterfaceOrientationLandscapeLeft UIInterfaceOrientationLandscapeRight";
				LD_RUNPATH_SEARCH_PATHS = (
					"$(inherited)",
					"@executable_path/Frameworks",
				);
				MARKETING_VERSION = 1.0;
				PRODUCT_BUNDLE_IDENTIFIER = com.google.Coffee;
				PRODUCT_NAME = "$(TARGET_NAME)";
				SWIFT_EMIT_LOC_STRINGS = YES;
				SWIFT_VERSION = 5.0;
				TARGETED_DEVICE_FAMILY = "1,2";
			};
			name = Release;
		};
/* End XCBuildConfiguration section */

/* Begin XCConfigurationList section */
		3A9B37B72760C9A200DFAE4B /* Build configuration list for PBXProject "Coffee" */ = {
			isa = XCConfigurationList;
			buildConfigurations = (
				3A9B37CE2760C9A300DFAE4B /* Debug */,
				3A9B37CF2760C9A300DFAE4B /* Release */,
			);
			defaultConfigurationIsVisible = 0;
			defaultConfigurationName = Release;
		};
		3A9B37D02760C9A300DFAE4B /* Build configuration list for PBXNativeTarget "Coffee" */ = {
			isa = XCConfigurationList;
			buildConfigurations = (
				3A9B37D12760C9A300DFAE4B /* Debug */,
				3A9B37D22760C9A300DFAE4B /* Release */,
			);
			defaultConfigurationIsVisible = 0;
			defaultConfigurationName = Release;
		};
/* End XCConfigurationList section */

/* Begin XCRemoteSwiftPackageReference section */
		3A98A81A2765D1A00027D1E6 /* XCRemoteSwiftPackageReference "firebase-ios-sdk" */ = {
			isa = XCRemoteSwiftPackageReference;
			repositoryURL = "https://github.com/firebase/firebase-ios-sdk";
			requirement = {
				kind = upToNextMajorVersion;
				minimumVersion = 8.0.0;
			};
		};
/* End XCRemoteSwiftPackageReference section */

/* Begin XCSwiftPackageProductDependency section */
		3A98A81B2765D1A00027D1E6 /* FirebaseAnalytics */ = {
			isa = XCSwiftPackageProductDependency;
			package = 3A98A81A2765D1A00027D1E6 /* XCRemoteSwiftPackageReference "firebase-ios-sdk" */;
			productName = FirebaseAnalytics;
		};
		3A98A81D2765D1A00027D1E6 /* FirebaseAuth */ = {
			isa = XCSwiftPackageProductDependency;
			package = 3A98A81A2765D1A00027D1E6 /* XCRemoteSwiftPackageReference "firebase-ios-sdk" */;
			productName = FirebaseAuth;
		};
		3A98A81F2765D1A00027D1E6 /* FirebaseFirestore */ = {
			isa = XCSwiftPackageProductDependency;
			package = 3A98A81A2765D1A00027D1E6 /* XCRemoteSwiftPackageReference "firebase-ios-sdk" */;
			productName = FirebaseFirestore;
		};
/* End XCSwiftPackageProductDependency section */

/* Begin XCVersionGroup section */
		3A84F0172781C67C00E2F2EA /* ModelCoreData.xcdatamodeld */ = {
			isa = XCVersionGroup;
			children = (
				3A84F0182781C67C00E2F2EA /* Model.xcdatamodel */,
			);
			currentVersion = 3A84F0182781C67C00E2F2EA /* Model.xcdatamodel */;
			path = ModelCoreData.xcdatamodeld;
			sourceTree = "<group>";
			versionGroupType = wrapper.xcdatamodel;
		};
/* End XCVersionGroup section */
	};
	rootObject = 3A9B37B42760C9A200DFAE4B /* Project object */;
}
